
Microsoft Visual Studio Solution File, Format Version 12.00
Project("{2150E333-8FDC-42A3-9474-1A3956D46DE8}") = "ConditionalStatements-Lab", "ConditionalStatements-Lab", "{6D85ACB2-8A66-43A5-9BC2-718FF04055E4}"
EndProject
Project("{FAE04EC0-301F-11D3-BF4B-00C04F79EFBC}") = "ExcellentResults", "ExcellentResults\ExcellentResults.csproj", "{BCF75972-FA8B-420C-8A56-42059B3FE813}"
EndProject
Project("{FAE04EC0-301F-11D3-BF4B-00C04F79EFBC}") = "GreaterNumber", "GreaterNumber\GreaterNumber.csproj", "{9A69FF95-A4DD-4772-878E-61CDE9A60C07}"
EndProject
Project("{FAE04EC0-301F-11D3-BF4B-00C04F79EFBC}") = "EvenOrOdd", "EvenOrOdd\EvenOrOdd.csproj", "{19932D9D-6D56-4270-80C8-93907C32E6A0}"
EndProject
Project("{FAE04EC0-301F-11D3-BF4B-00C04F79EFBC}") = "PasswordGuess", "PasswordGuess\PasswordGuess.csproj", "{DEA28978-22D7-415B-BDFD-26B84419BF01}"
EndProject
Project("{FAE04EC0-301F-11D3-BF4B-00C04F79EFBC}") = "Number100to200", "Number100to200\Number100to200.csproj", "{DF0C218B-8E8D-4241-B1C1-3DC773BA4671}"
EndProject
Project("{FAE04EC0-301F-11D3-BF4B-00C04F79EFBC}") = "SpeedInfo", "SpeedInfo\SpeedInfo.csproj", "{E4DACE55-45F8-41BF-977C-FE4B04B22488}"
EndProject
Project("{FAE04EC0-301F-11D3-BF4B-00C04F79EFBC}") = "AreaOfFigures", "AreaOfFigures\AreaOfFigures.csproj", "{09D186A5-8CC0-4B9E-AB9F-3FAFDD689D1C}"
EndProject
Project("{2150E333-8FDC-42A3-9474-1A3956D46DE8}") = "ConditionalStatements-Excercise", "ConditionalStatements-Excercise", "{2132226D-3BE3-4618-B2C8-3BBA693A4551}"
EndProject
Project("{FAE04EC0-301F-11D3-BF4B-00C04F79EFBC}") = "SumSeconds", "SumSeconds\SumSeconds.csproj", "{DE72FC3C-B424-4ACE-AE37-5A236A9450AF}"
EndProject
Project("{FAE04EC0-301F-11D3-BF4B-00C04F79EFBC}") = "BonusScore", "BonusScore\BonusScore.csproj", "{704AA965-00EE-438F-9511-46DA7B4D3A18}"
EndProject
Project("{FAE04EC0-301F-11D3-BF4B-00C04F79EFBC}") = "TimePlus15Minutes", "TimePlus15Minutes\TimePlus15Minutes.csproj", "{C1E31A10-70AB-410F-9C54-925AFE6B9A16}"
EndProject
Project("{FAE04EC0-301F-11D3-BF4B-00C04F79EFBC}") = "ToyShop", "ToyShop\ToyShop.csproj", "{DD6BC74E-D8E9-4420-A456-7378967DFC30}"
EndProject
Project("{FAE04EC0-301F-11D3-BF4B-00C04F79EFBC}") = "GodzillaVsKong", "GodzillaVsKong\GodzillaVsKong.csproj", "{64069536-01E8-4D77-A998-6891872381E1}"
EndProject
Project("{FAE04EC0-301F-11D3-BF4B-00C04F79EFBC}") = "WorldsSwimmingRecord", "WorldsSwimmingRecord\WorldsSwimmingRecord.csproj", "{DDBF0812-7516-4569-89D0-96AB68BAF57C}"
EndProject
Project("{FAE04EC0-301F-11D3-BF4B-00C04F79EFBC}") = "Shopping", "Shopping\Shopping.csproj", "{63A69E6E-E6BF-49EB-9605-EE6D3A91AB3C}"
EndProject
Project("{FAE04EC0-301F-11D3-BF4B-00C04F79EFBC}") = "LunchBreak", "LunchBreak\LunchBreak.csproj", "{72B188DC-C63B-46F6-BA72-D9601C259668}"
EndProject
Global
	GlobalSection(SolutionConfigurationPlatforms) = preSolution
		Debug|Any CPU = Debug|Any CPU
		Release|Any CPU = Release|Any CPU
	EndGlobalSection
	GlobalSection(ProjectConfigurationPlatforms) = postSolution
		{BCF75972-FA8B-420C-8A56-42059B3FE813}.Debug|Any CPU.ActiveCfg = Debug|Any CPU
		{BCF75972-FA8B-420C-8A56-42059B3FE813}.Debug|Any CPU.Build.0 = Debug|Any CPU
		{BCF75972-FA8B-420C-8A56-42059B3FE813}.Release|Any CPU.ActiveCfg = Release|Any CPU
		{BCF75972-FA8B-420C-8A56-42059B3FE813}.Release|Any CPU.Build.0 = Release|Any CPU
		{9A69FF95-A4DD-4772-878E-61CDE9A60C07}.Debug|Any CPU.ActiveCfg = Debug|Any CPU
		{9A69FF95-A4DD-4772-878E-61CDE9A60C07}.Debug|Any CPU.Build.0 = Debug|Any CPU
		{9A69FF95-A4DD-4772-878E-61CDE9A60C07}.Release|Any CPU.ActiveCfg = Release|Any CPU
		{9A69FF95-A4DD-4772-878E-61CDE9A60C07}.Release|Any CPU.Build.0 = Release|Any CPU
		{19932D9D-6D56-4270-80C8-93907C32E6A0}.Debug|Any CPU.ActiveCfg = Debug|Any CPU
		{19932D9D-6D56-4270-80C8-93907C32E6A0}.Debug|Any CPU.Build.0 = Debug|Any CPU
		{19932D9D-6D56-4270-80C8-93907C32E6A0}.Release|Any CPU.ActiveCfg = Release|Any CPU
		{19932D9D-6D56-4270-80C8-93907C32E6A0}.Release|Any CPU.Build.0 = Release|Any CPU
		{DEA28978-22D7-415B-BDFD-26B84419BF01}.Debug|Any CPU.ActiveCfg = Debug|Any CPU
		{DEA28978-22D7-415B-BDFD-26B84419BF01}.Debug|Any CPU.Build.0 = Debug|Any CPU
		{DEA28978-22D7-415B-BDFD-26B84419BF01}.Release|Any CPU.ActiveCfg = Release|Any CPU
		{DEA28978-22D7-415B-BDFD-26B84419BF01}.Release|Any CPU.Build.0 = Release|Any CPU
		{DF0C218B-8E8D-4241-B1C1-3DC773BA4671}.Debug|Any CPU.ActiveCfg = Debug|Any CPU
		{DF0C218B-8E8D-4241-B1C1-3DC773BA4671}.Debug|Any CPU.Build.0 = Debug|Any CPU
		{DF0C218B-8E8D-4241-B1C1-3DC773BA4671}.Release|Any CPU.ActiveCfg = Release|Any CPU
		{DF0C218B-8E8D-4241-B1C1-3DC773BA4671}.Release|Any CPU.Build.0 = Release|Any CPU
		{E4DACE55-45F8-41BF-977C-FE4B04B22488}.Debug|Any CPU.ActiveCfg = Debug|Any CPU
		{E4DACE55-45F8-41BF-977C-FE4B04B22488}.Debug|Any CPU.Build.0 = Debug|Any CPU
		{E4DACE55-45F8-41BF-977C-FE4B04B22488}.Release|Any CPU.ActiveCfg = Release|Any CPU
		{E4DACE55-45F8-41BF-977C-FE4B04B22488}.Release|Any CPU.Build.0 = Release|Any CPU
		{09D186A5-8CC0-4B9E-AB9F-3FAFDD689D1C}.Debug|Any CPU.ActiveCfg = Debug|Any CPU
		{09D186A5-8CC0-4B9E-AB9F-3FAFDD689D1C}.Debug|Any CPU.Build.0 = Debug|Any CPU
		{09D186A5-8CC0-4B9E-AB9F-3FAFDD689D1C}.Release|Any CPU.ActiveCfg = Release|Any CPU
		{09D186A5-8CC0-4B9E-AB9F-3FAFDD689D1C}.Release|Any CPU.Build.0 = Release|Any CPU
		{DE72FC3C-B424-4ACE-AE37-5A236A9450AF}.Debug|Any CPU.ActiveCfg = Debug|Any CPU
		{DE72FC3C-B424-4ACE-AE37-5A236A9450AF}.Debug|Any CPU.Build.0 = Debug|Any CPU
		{DE72FC3C-B424-4ACE-AE37-5A236A9450AF}.Release|Any CPU.ActiveCfg = Release|Any CPU
		{DE72FC3C-B424-4ACE-AE37-5A236A9450AF}.Release|Any CPU.Build.0 = Release|Any CPU
		{704AA965-00EE-438F-9511-46DA7B4D3A18}.Debug|Any CPU.ActiveCfg = Debug|Any CPU
		{704AA965-00EE-438F-9511-46DA7B4D3A18}.Debug|Any CPU.Build.0 = Debug|Any CPU
		{704AA965-00EE-438F-9511-46DA7B4D3A18}.Release|Any CPU.ActiveCfg = Release|Any CPU
		{704AA965-00EE-438F-9511-46DA7B4D3A18}.Release|Any CPU.Build.0 = Release|Any CPU
		{C1E31A10-70AB-410F-9C54-925AFE6B9A16}.Debug|Any CPU.ActiveCfg = Debug|Any CPU
		{C1E31A10-70AB-410F-9C54-925AFE6B9A16}.Debug|Any CPU.Build.0 = Debug|Any CPU
		{C1E31A10-70AB-410F-9C54-925AFE6B9A16}.Release|Any CPU.ActiveCfg = Release|Any CPU
		{C1E31A10-70AB-410F-9C54-925AFE6B9A16}.Release|Any CPU.Build.0 = Release|Any CPU
		{DD6BC74E-D8E9-4420-A456-7378967DFC30}.Debug|Any CPU.ActiveCfg = Debug|Any CPU
		{DD6BC74E-D8E9-4420-A456-7378967DFC30}.Debug|Any CPU.Build.0 = Debug|Any CPU
		{DD6BC74E-D8E9-4420-A456-7378967DFC30}.Release|Any CPU.ActiveCfg = Release|Any CPU
		{DD6BC74E-D8E9-4420-A456-7378967DFC30}.Release|Any CPU.Build.0 = Release|Any CPU
		{64069536-01E8-4D77-A998-6891872381E1}.Debug|Any CPU.ActiveCfg = Debug|Any CPU
		{64069536-01E8-4D77-A998-6891872381E1}.Debug|Any CPU.Build.0 = Debug|Any CPU
		{64069536-01E8-4D77-A998-6891872381E1}.Release|Any CPU.ActiveCfg = Release|Any CPU
		{64069536-01E8-4D77-A998-6891872381E1}.Release|Any CPU.Build.0 = Release|Any CPU
		{DDBF0812-7516-4569-89D0-96AB68BAF57C}.Debug|Any CPU.ActiveCfg = Debug|Any CPU
		{DDBF0812-7516-4569-89D0-96AB68BAF57C}.Debug|Any CPU.Build.0 = Debug|Any CPU
		{DDBF0812-7516-4569-89D0-96AB68BAF57C}.Release|Any CPU.ActiveCfg = Release|Any CPU
		{DDBF0812-7516-4569-89D0-96AB68BAF57C}.Release|Any CPU.Build.0 = Release|Any CPU
		{63A69E6E-E6BF-49EB-9605-EE6D3A91AB3C}.Debug|Any CPU.ActiveCfg = Debug|Any CPU
		{63A69E6E-E6BF-49EB-9605-EE6D3A91AB3C}.Debug|Any CPU.Build.0 = Debug|Any CPU
		{63A69E6E-E6BF-49EB-9605-EE6D3A91AB3C}.Release|Any CPU.ActiveCfg = Release|Any CPU
		{63A69E6E-E6BF-49EB-9605-EE6D3A91AB3C}.Release|Any CPU.Build.0 = Release|Any CPU
		{72B188DC-C63B-46F6-BA72-D9601C259668}.Debug|Any CPU.ActiveCfg = Debug|Any CPU
		{72B188DC-C63B-46F6-BA72-D9601C259668}.Debug|Any CPU.Build.0 = Debug|Any CPU
		{72B188DC-C63B-46F6-BA72-D9601C259668}.Release|Any CPU.ActiveCfg = Release|Any CPU
		{72B188DC-C63B-46F6-BA72-D9601C259668}.Release|Any CPU.Build.0 = Release|Any CPU
	EndGlobalSection
	GlobalSection(NestedProjects) = preSolution
		{BCF75972-FA8B-420C-8A56-42059B3FE813} = {6D85ACB2-8A66-43A5-9BC2-718FF04055E4}
		{9A69FF95-A4DD-4772-878E-61CDE9A60C07} = {6D85ACB2-8A66-43A5-9BC2-718FF04055E4}
		{19932D9D-6D56-4270-80C8-93907C32E6A0} = {6D85ACB2-8A66-43A5-9BC2-718FF04055E4}
		{DEA28978-22D7-415B-BDFD-26B84419BF01} = {6D85ACB2-8A66-43A5-9BC2-718FF04055E4}
		{DF0C218B-8E8D-4241-B1C1-3DC773BA4671} = {6D85ACB2-8A66-43A5-9BC2-718FF04055E4}
		{E4DACE55-45F8-41BF-977C-FE4B04B22488} = {6D85ACB2-8A66-43A5-9BC2-718FF04055E4}
		{09D186A5-8CC0-4B9E-AB9F-3FAFDD689D1C} = {6D85ACB2-8A66-43A5-9BC2-718FF04055E4}
		{DE72FC3C-B424-4ACE-AE37-5A236A9450AF} = {2132226D-3BE3-4618-B2C8-3BBA693A4551}
		{704AA965-00EE-438F-9511-46DA7B4D3A18} = {2132226D-3BE3-4618-B2C8-3BBA693A4551}
		{C1E31A10-70AB-410F-9C54-925AFE6B9A16} = {2132226D-3BE3-4618-B2C8-3BBA693A4551}
		{DD6BC74E-D8E9-4420-A456-7378967DFC30} = {2132226D-3BE3-4618-B2C8-3BBA693A4551}
		{64069536-01E8-4D77-A998-6891872381E1} = {2132226D-3BE3-4618-B2C8-3BBA693A4551}
		{DDBF0812-7516-4569-89D0-96AB68BAF57C} = {2132226D-3BE3-4618-B2C8-3BBA693A4551}
		{63A69E6E-E6BF-49EB-9605-EE6D3A91AB3C} = {2132226D-3BE3-4618-B2C8-3BBA693A4551}
		{72B188DC-C63B-46F6-BA72-D9601C259668} = {2132226D-3BE3-4618-B2C8-3BBA693A4551}
	EndGlobalSection
EndGlobal
